// !$*UTF8*$!
{
	archiveVersion = 1;
	classes = {
	};
	objectVersion = 46;
	objects = {

/* Begin PBXBuildFile section */
		D2FFE34F91CB6ABD7900D2E8 /* Pods_HundredDays.framework in Frameworks */ = {isa = PBXBuildFile; fileRef = 5B695ED6755511C88FC99D60 /* Pods_HundredDays.framework */; };
		D50982461E98A4D4005C64AE /* RegisterController.swift in Sources */ = {isa = PBXBuildFile; fileRef = D50982451E98A4D4005C64AE /* RegisterController.swift */; };
		D50982481E98A72B005C64AE /* LoginPageController.swift in Sources */ = {isa = PBXBuildFile; fileRef = D50982471E98A72B005C64AE /* LoginPageController.swift */; };
		D509824A1E9962C5005C64AE /* SimpleAlert.swift in Sources */ = {isa = PBXBuildFile; fileRef = D50982491E9962C5005C64AE /* SimpleAlert.swift */; };
		D509824C1E9974A0005C64AE /* DatabaseReference.swift in Sources */ = {isa = PBXBuildFile; fileRef = D509824B1E9974A0005C64AE /* DatabaseReference.swift */; };
		D509824E1E997D76005C64AE /* fb-art.png in Resources */ = {isa = PBXBuildFile; fileRef = D509824D1E997D76005C64AE /* fb-art.png */; };
		D50982501E9AF9BC005C64AE /* ProfileController.swift in Sources */ = {isa = PBXBuildFile; fileRef = D509824F1E9AF9BC005C64AE /* ProfileController.swift */; };
		D50982521E9AFACE005C64AE /* User.swift in Sources */ = {isa = PBXBuildFile; fileRef = D50982511E9AFACE005C64AE /* User.swift */; };
		D50982541E9B02BD005C64AE /* EditProfileController.swift in Sources */ = {isa = PBXBuildFile; fileRef = D50982531E9B02BD005C64AE /* EditProfileController.swift */; };
		D509825A1E9ED179005C64AE /* ScreenChange.swift in Sources */ = {isa = PBXBuildFile; fileRef = D50982591E9ED179005C64AE /* ScreenChange.swift */; };
		D509825D1E9F4CE3005C64AE /* EventCell.swift in Sources */ = {isa = PBXBuildFile; fileRef = D509825B1E9F4CE3005C64AE /* EventCell.swift */; };
		D509825E1E9F4CE3005C64AE /* EventCell.xib in Resources */ = {isa = PBXBuildFile; fileRef = D509825C1E9F4CE3005C64AE /* EventCell.xib */; };
		D50982601E9F54A1005C64AE /* party.jpg in Resources */ = {isa = PBXBuildFile; fileRef = D509825F1E9F54A1005C64AE /* party.jpg */; };
		D50982621E9F5960005C64AE /* NewEventController.swift in Sources */ = {isa = PBXBuildFile; fileRef = D50982611E9F5960005C64AE /* NewEventController.swift */; };
		D50982641E9F5C2C005C64AE /* Event.swift in Sources */ = {isa = PBXBuildFile; fileRef = D50982631E9F5C2C005C64AE /* Event.swift */; };
		D54372761E970F290034D771 /* AppDelegate.swift in Sources */ = {isa = PBXBuildFile; fileRef = D54372751E970F290034D771 /* AppDelegate.swift */; };
		D54372781E970F290034D771 /* LoginController.swift in Sources */ = {isa = PBXBuildFile; fileRef = D54372771E970F290034D771 /* LoginController.swift */; };
		D543727B1E970F290034D771 /* Main.storyboard in Resources */ = {isa = PBXBuildFile; fileRef = D54372791E970F290034D771 /* Main.storyboard */; };
		D543727D1E970F290034D771 /* Assets.xcassets in Resources */ = {isa = PBXBuildFile; fileRef = D543727C1E970F290034D771 /* Assets.xcassets */; };
		D54372801E970F290034D771 /* LaunchScreen.storyboard in Resources */ = {isa = PBXBuildFile; fileRef = D543727E1E970F290034D771 /* LaunchScreen.storyboard */; };
		D56EEC961E98131B0026EB5E /* GoogleService-Info.plist in Resources */ = {isa = PBXBuildFile; fileRef = D56EEC951E98131B0026EB5E /* GoogleService-Info.plist */; };
		D56EEC981E9817690026EB5E /* HomeViewController.swift in Sources */ = {isa = PBXBuildFile; fileRef = D56EEC971E9817690026EB5E /* HomeViewController.swift */; };
		D5C7A42D1EA0353000F24BB4 /* ShowEventController.swift in Sources */ = {isa = PBXBuildFile; fileRef = D5C7A42C1EA0353000F24BB4 /* ShowEventController.swift */; };
		D5C7A42F1EA4521000F24BB4 /* Variables.swift in Sources */ = {isa = PBXBuildFile; fileRef = D5C7A42E1EA4521000F24BB4 /* Variables.swift */; };
/* End PBXBuildFile section */

/* Begin PBXFileReference section */
		5B695ED6755511C88FC99D60 /* Pods_HundredDays.framework */ = {isa = PBXFileReference; explicitFileType = wrapper.framework; includeInIndex = 0; path = Pods_HundredDays.framework; sourceTree = BUILT_PRODUCTS_DIR; };
		6320C842D172AD5479D84EFC /* Pods-HundredDays.release.xcconfig */ = {isa = PBXFileReference; includeInIndex = 1; lastKnownFileType = text.xcconfig; name = "Pods-HundredDays.release.xcconfig"; path = "Pods/Target Support Files/Pods-HundredDays/Pods-HundredDays.release.xcconfig"; sourceTree = "<group>"; };
		A55E7FB92D889DD0258126D9 /* Pods-HundredDays.debug.xcconfig */ = {isa = PBXFileReference; includeInIndex = 1; lastKnownFileType = text.xcconfig; name = "Pods-HundredDays.debug.xcconfig"; path = "Pods/Target Support Files/Pods-HundredDays/Pods-HundredDays.debug.xcconfig"; sourceTree = "<group>"; };
		D50982451E98A4D4005C64AE /* RegisterController.swift */ = {isa = PBXFileReference; fileEncoding = 4; lastKnownFileType = sourcecode.swift; path = RegisterController.swift; sourceTree = "<group>"; };
		D50982471E98A72B005C64AE /* LoginPageController.swift */ = {isa = PBXFileReference; fileEncoding = 4; lastKnownFileType = sourcecode.swift; path = LoginPageController.swift; sourceTree = "<group>"; };
		D50982491E9962C5005C64AE /* SimpleAlert.swift */ = {isa = PBXFileReference; fileEncoding = 4; lastKnownFileType = sourcecode.swift; path = SimpleAlert.swift; sourceTree = "<group>"; };
		D509824B1E9974A0005C64AE /* DatabaseReference.swift */ = {isa = PBXFileReference; fileEncoding = 4; lastKnownFileType = sourcecode.swift; path = DatabaseReference.swift; sourceTree = "<group>"; };
		D509824D1E997D76005C64AE /* fb-art.png */ = {isa = PBXFileReference; lastKnownFileType = image.png; path = "fb-art.png"; sourceTree = "<group>"; };
		D509824F1E9AF9BC005C64AE /* ProfileController.swift */ = {isa = PBXFileReference; fileEncoding = 4; lastKnownFileType = sourcecode.swift; path = ProfileController.swift; sourceTree = "<group>"; };
		D50982511E9AFACE005C64AE /* User.swift */ = {isa = PBXFileReference; fileEncoding = 4; lastKnownFileType = sourcecode.swift; path = User.swift; sourceTree = "<group>"; };
		D50982531E9B02BD005C64AE /* EditProfileController.swift */ = {isa = PBXFileReference; fileEncoding = 4; lastKnownFileType = sourcecode.swift; path = EditProfileController.swift; sourceTree = "<group>"; };
		D50982591E9ED179005C64AE /* ScreenChange.swift */ = {isa = PBXFileReference; fileEncoding = 4; lastKnownFileType = sourcecode.swift; path = ScreenChange.swift; sourceTree = "<group>"; };
		D509825B1E9F4CE3005C64AE /* EventCell.swift */ = {isa = PBXFileReference; fileEncoding = 4; lastKnownFileType = sourcecode.swift; path = EventCell.swift; sourceTree = "<group>"; };
		D509825C1E9F4CE3005C64AE /* EventCell.xib */ = {isa = PBXFileReference; fileEncoding = 4; lastKnownFileType = file.xib; path = EventCell.xib; sourceTree = "<group>"; };
		D509825F1E9F54A1005C64AE /* party.jpg */ = {isa = PBXFileReference; lastKnownFileType = image.jpeg; path = party.jpg; sourceTree = "<group>"; };
		D50982611E9F5960005C64AE /* NewEventController.swift */ = {isa = PBXFileReference; fileEncoding = 4; lastKnownFileType = sourcecode.swift; path = NewEventController.swift; sourceTree = "<group>"; };
		D50982631E9F5C2C005C64AE /* Event.swift */ = {isa = PBXFileReference; fileEncoding = 4; lastKnownFileType = sourcecode.swift; path = Event.swift; sourceTree = "<group>"; };
		D54372721E970F290034D771 /* HundredDays.app */ = {isa = PBXFileReference; explicitFileType = wrapper.application; includeInIndex = 0; path = HundredDays.app; sourceTree = BUILT_PRODUCTS_DIR; };
		D54372751E970F290034D771 /* AppDelegate.swift */ = {isa = PBXFileReference; lastKnownFileType = sourcecode.swift; path = AppDelegate.swift; sourceTree = "<group>"; };
		D54372771E970F290034D771 /* LoginController.swift */ = {isa = PBXFileReference; lastKnownFileType = sourcecode.swift; path = LoginController.swift; sourceTree = "<group>"; };
		D543727A1E970F290034D771 /* Base */ = {isa = PBXFileReference; lastKnownFileType = file.storyboard; name = Base; path = Base.lproj/Main.storyboard; sourceTree = "<group>"; };
		D543727C1E970F290034D771 /* Assets.xcassets */ = {isa = PBXFileReference; lastKnownFileType = folder.assetcatalog; path = Assets.xcassets; sourceTree = "<group>"; };
		D543727F1E970F290034D771 /* Base */ = {isa = PBXFileReference; lastKnownFileType = file.storyboard; name = Base; path = Base.lproj/LaunchScreen.storyboard; sourceTree = "<group>"; };
		D54372811E970F290034D771 /* Info.plist */ = {isa = PBXFileReference; lastKnownFileType = text.plist.xml; path = Info.plist; sourceTree = "<group>"; };
		D56EEC951E98131B0026EB5E /* GoogleService-Info.plist */ = {isa = PBXFileReference; fileEncoding = 4; lastKnownFileType = text.plist.xml; path = "GoogleService-Info.plist"; sourceTree = "<group>"; };
		D56EEC971E9817690026EB5E /* HomeViewController.swift */ = {isa = PBXFileReference; fileEncoding = 4; lastKnownFileType = sourcecode.swift; path = HomeViewController.swift; sourceTree = "<group>"; };
		D5C7A42C1EA0353000F24BB4 /* ShowEventController.swift */ = {isa = PBXFileReference; fileEncoding = 4; lastKnownFileType = sourcecode.swift; path = ShowEventController.swift; sourceTree = "<group>"; };
		D5C7A42E1EA4521000F24BB4 /* Variables.swift */ = {isa = PBXFileReference; fileEncoding = 4; lastKnownFileType = sourcecode.swift; path = Variables.swift; sourceTree = "<group>"; };
/* End PBXFileReference section */

/* Begin PBXFrameworksBuildPhase section */
		D543726F1E970F290034D771 /* Frameworks */ = {
			isa = PBXFrameworksBuildPhase;
			buildActionMask = 2147483647;
			files = (
				D2FFE34F91CB6ABD7900D2E8 /* Pods_HundredDays.framework in Frameworks */,
			);
			runOnlyForDeploymentPostprocessing = 0;
		};
/* End PBXFrameworksBuildPhase section */

/* Begin PBXGroup section */
		0FA218483EB3F22355E9CA43 /* Pods */ = {
			isa = PBXGroup;
			children = (
				A55E7FB92D889DD0258126D9 /* Pods-HundredDays.debug.xcconfig */,
				6320C842D172AD5479D84EFC /* Pods-HundredDays.release.xcconfig */,
			);
			name = Pods;
			sourceTree = "<group>";
		};
		79C93EE25CB46CF0631D15CE /* Frameworks */ = {
			isa = PBXGroup;
			children = (
				5B695ED6755511C88FC99D60 /* Pods_HundredDays.framework */,
			);
			name = Frameworks;
			sourceTree = "<group>";
		};
		D50982551E9C8D86005C64AE /* images */ = {
			isa = PBXGroup;
			children = (
				D509825F1E9F54A1005C64AE /* party.jpg */,
				D509824D1E997D76005C64AE /* fb-art.png */,
			);
			name = images;
			sourceTree = "<group>";
		};
		D50982561E9C8D90005C64AE /* Controller */ = {
			isa = PBXGroup;
			children = (
				D56EEC971E9817690026EB5E /* HomeViewController.swift */,
				D50982451E98A4D4005C64AE /* RegisterController.swift */,
				D50982611E9F5960005C64AE /* NewEventController.swift */,
				D50982471E98A72B005C64AE /* LoginPageController.swift */,
				D509824F1E9AF9BC005C64AE /* ProfileController.swift */,
				D50982531E9B02BD005C64AE /* EditProfileController.swift */,
				D54372771E970F290034D771 /* LoginController.swift */,
				D5C7A42C1EA0353000F24BB4 /* ShowEventController.swift */,
			);
			name = Controller;
			sourceTree = "<group>";
		};
		D50982571E9C8DA9005C64AE /* Model */ = {
			isa = PBXGroup;
			children = (
				D50982491E9962C5005C64AE /* SimpleAlert.swift */,
				D509824B1E9974A0005C64AE /* DatabaseReference.swift */,
				D50982511E9AFACE005C64AE /* User.swift */,
				D50982591E9ED179005C64AE /* ScreenChange.swift */,
				D509825B1E9F4CE3005C64AE /* EventCell.swift */,
				D50982631E9F5C2C005C64AE /* Event.swift */,
			);
			name = Model;
			sourceTree = "<group>";
		};
		D50982581E9C8DC1005C64AE /* View */ = {
			isa = PBXGroup;
			children = (
				D50982551E9C8D86005C64AE /* images */,
				D509825C1E9F4CE3005C64AE /* EventCell.xib */,
				D54372791E970F290034D771 /* Main.storyboard */,
				D543727E1E970F290034D771 /* LaunchScreen.storyboard */,
			);
			name = View;
			sourceTree = "<group>";
		};
		D54372691E970F290034D771 = {
			isa = PBXGroup;
			children = (
				D54372741E970F290034D771 /* HundredDays */,
				D54372731E970F290034D771 /* Products */,
				0FA218483EB3F22355E9CA43 /* Pods */,
				79C93EE25CB46CF0631D15CE /* Frameworks */,
			);
			sourceTree = "<group>";
		};
		D54372731E970F290034D771 /* Products */ = {
			isa = PBXGroup;
			children = (
				D54372721E970F290034D771 /* HundredDays.app */,
			);
			name = Products;
			sourceTree = "<group>";
		};
		D54372741E970F290034D771 /* HundredDays */ = {
			isa = PBXGroup;
			children = (
				D54372751E970F290034D771 /* AppDelegate.swift */,
				D5C7A42E1EA4521000F24BB4 /* Variables.swift */,
				D50982561E9C8D90005C64AE /* Controller */,
				D50982571E9C8DA9005C64AE /* Model */,
				D50982581E9C8DC1005C64AE /* View */,
				D543727C1E970F290034D771 /* Assets.xcassets */,
				D54372811E970F290034D771 /* Info.plist */,
				D56EEC951E98131B0026EB5E /* GoogleService-Info.plist */,
			);
			path = HundredDays;
			sourceTree = "<group>";
		};
/* End PBXGroup section */

/* Begin PBXNativeTarget section */
		D54372711E970F290034D771 /* HundredDays */ = {
			isa = PBXNativeTarget;
			buildConfigurationList = D54372841E970F290034D771 /* Build configuration list for PBXNativeTarget "HundredDays" */;
			buildPhases = (
				5BF5FE35F1553748ADC0F923 /* [CP] Check Pods Manifest.lock */,
				D543726E1E970F290034D771 /* Sources */,
				D543726F1E970F290034D771 /* Frameworks */,
				D54372701E970F290034D771 /* Resources */,
				860E45273B216094313E34A1 /* [CP] Embed Pods Frameworks */,
				A7EA310C0D1127398A78A437 /* [CP] Copy Pods Resources */,
			);
			buildRules = (
			);
			dependencies = (
			);
			name = HundredDays;
			productName = HundredDays;
			productReference = D54372721E970F290034D771 /* HundredDays.app */;
			productType = "com.apple.product-type.application";
		};
/* End PBXNativeTarget section */

/* Begin PBXProject section */
		D543726A1E970F290034D771 /* Project object */ = {
			isa = PBXProject;
			attributes = {
				LastSwiftUpdateCheck = 0820;
				LastUpgradeCheck = 0820;
				ORGANIZATIONNAME = "Vinicius Nadin";
				TargetAttributes = {
					D54372711E970F290034D771 = {
						CreatedOnToolsVersion = 8.2.1;
						DevelopmentTeam = VJ9FQ76YK4;
						ProvisioningStyle = Automatic;
					};
				};
			};
			buildConfigurationList = D543726D1E970F290034D771 /* Build configuration list for PBXProject "HundredDays" */;
			compatibilityVersion = "Xcode 3.2";
			developmentRegion = English;
			hasScannedForEncodings = 0;
			knownRegions = (
				en,
				Base,
			);
			mainGroup = D54372691E970F290034D771;
			productRefGroup = D54372731E970F290034D771 /* Products */;
			projectDirPath = "";
			projectRoot = "";
			targets = (
				D54372711E970F290034D771 /* HundredDays */,
			);
		};
/* End PBXProject section */

/* Begin PBXResourcesBuildPhase section */
		D54372701E970F290034D771 /* Resources */ = {
			isa = PBXResourcesBuildPhase;
			buildActionMask = 2147483647;
			files = (
				D509824E1E997D76005C64AE /* fb-art.png in Resources */,
				D54372801E970F290034D771 /* LaunchScreen.storyboard in Resources */,
				D543727D1E970F290034D771 /* Assets.xcassets in Resources */,
				D543727B1E970F290034D771 /* Main.storyboard in Resources */,
				D509825E1E9F4CE3005C64AE /* EventCell.xib in Resources */,
				D56EEC961E98131B0026EB5E /* GoogleService-Info.plist in Resources */,
				D50982601E9F54A1005C64AE /* party.jpg in Resources */,
			);
			runOnlyForDeploymentPostprocessing = 0;
		};
/* End PBXResourcesBuildPhase section */

/* Begin PBXShellScriptBuildPhase section */
		5BF5FE35F1553748ADC0F923 /* [CP] Check Pods Manifest.lock */ = {
			isa = PBXShellScriptBuildPhase;
			buildActionMask = 2147483647;
			files = (
			);
			inputPaths = (
			);
			name = "[CP] Check Pods Manifest.lock";
			outputPaths = (
			);
			runOnlyForDeploymentPostprocessing = 0;
			shellPath = /bin/sh;
			shellScript = "diff \"${PODS_ROOT}/../Podfile.lock\" \"${PODS_ROOT}/Manifest.lock\" > /dev/null\nif [ $? != 0 ] ; then\n    # print error to STDERR\n    echo \"error: The sandbox is not in sync with the Podfile.lock. Run 'pod install' or update your CocoaPods installation.\" >&2\n    exit 1\nfi\n";
			showEnvVarsInLog = 0;
		};
		860E45273B216094313E34A1 /* [CP] Embed Pods Frameworks */ = {
			isa = PBXShellScriptBuildPhase;
			buildActionMask = 2147483647;
			files = (
			);
			inputPaths = (
			);
			name = "[CP] Embed Pods Frameworks";
			outputPaths = (
			);
			runOnlyForDeploymentPostprocessing = 0;
			shellPath = /bin/sh;
			shellScript = "\"${SRCROOT}/Pods/Target Support Files/Pods-HundredDays/Pods-HundredDays-frameworks.sh\"\n";
			showEnvVarsInLog = 0;
		};
		A7EA310C0D1127398A78A437 /* [CP] Copy Pods Resources */ = {
			isa = PBXShellScriptBuildPhase;
			buildActionMask = 2147483647;
			files = (
			);
			inputPaths = (
			);
			name = "[CP] Copy Pods Resources";
			outputPaths = (
			);
			runOnlyForDeploymentPostprocessing = 0;
			shellPath = /bin/sh;
			shellScript = "\"${SRCROOT}/Pods/Target Support Files/Pods-HundredDays/Pods-HundredDays-resources.sh\"\n";
			showEnvVarsInLog = 0;
		};
/* End PBXShellScriptBuildPhase section */

/* Begin PBXSourcesBuildPhase section */
		D543726E1E970F290034D771 /* Sources */ = {
			isa = PBXSourcesBuildPhase;
			buildActionMask = 2147483647;
			files = (
				D509825A1E9ED179005C64AE /* ScreenChange.swift in Sources */,
				D509824A1E9962C5005C64AE /* SimpleAlert.swift in Sources */,
				D50982541E9B02BD005C64AE /* EditProfileController.swift in Sources */,
				D5C7A42F1EA4521000F24BB4 /* Variables.swift in Sources */,
				D50982481E98A72B005C64AE /* LoginPageController.swift in Sources */,
				D5C7A42D1EA0353000F24BB4 /* ShowEventController.swift in Sources */,
				D509825D1E9F4CE3005C64AE /* EventCell.swift in Sources */,
				D50982461E98A4D4005C64AE /* RegisterController.swift in Sources */,
				D54372781E970F290034D771 /* LoginController.swift in Sources */,
				D50982621E9F5960005C64AE /* NewEventController.swift in Sources */,
				D54372761E970F290034D771 /* AppDelegate.swift in Sources */,
				D50982521E9AFACE005C64AE /* User.swift in Sources */,
				D56EEC981E9817690026EB5E /* HomeViewController.swift in Sources */,
				D509824C1E9974A0005C64AE /* DatabaseReference.swift in Sources */,
				D50982641E9F5C2C005C64AE /* Event.swift in Sources */,
				D50982501E9AF9BC005C64AE /* ProfileController.swift in Sources */,
			);
			runOnlyForDeploymentPostprocessing = 0;
		};
/* End PBXSourcesBuildPhase section */

/* Begin PBXVariantGroup section */
		D54372791E970F290034D771 /* Main.storyboard */ = {
			isa = PBXVariantGroup;
			children = (
				D543727A1E970F290034D771 /* Base */,
			);
			name = Main.storyboard;
			sourceTree = "<group>";
		};
		D543727E1E970F290034D771 /* LaunchScreen.storyboard */ = {
			isa = PBXVariantGroup;
			children = (
				D543727F1E970F290034D771 /* Base */,
			);
			name = LaunchScreen.storyboard;
			sourceTree = "<group>";
		};
/* End PBXVariantGroup section */

/* Begin XCBuildConfiguration section */
		D54372821E970F290034D771 /* Debug */ = {
			isa = XCBuildConfiguration;
			buildSettings = {
				ALWAYS_SEARCH_USER_PATHS = NO;
				CLANG_ANALYZER_NONNULL = YES;
				CLANG_CXX_LANGUAGE_STANDARD = "gnu++0x";
				CLANG_CXX_LIBRARY = "libc++";
				CLANG_ENABLE_MODULES = YES;
				CLANG_ENABLE_OBJC_ARC = YES;
				CLANG_WARN_BOOL_CONVERSION = YES;
				CLANG_WARN_CONSTANT_CONVERSION = YES;
				CLANG_WARN_DIRECT_OBJC_ISA_USAGE = YES_ERROR;
				CLANG_WARN_DOCUMENTATION_COMMENTS = YES;
				CLANG_WARN_EMPTY_BODY = YES;
				CLANG_WARN_ENUM_CONVERSION = YES;
				CLANG_WARN_INFINITE_RECURSION = YES;
				CLANG_WARN_INT_CONVERSION = YES;
				CLANG_WARN_OBJC_ROOT_CLASS = YES_ERROR;
				CLANG_WARN_SUSPICIOUS_MOVE = YES;
				CLANG_WARN_UNREACHABLE_CODE = YES;
				CLANG_WARN__DUPLICATE_METHOD_MATCH = YES;
				"CODE_SIGN_IDENTITY[sdk=iphoneos*]" = "iPhone Developer";
				COPY_PHASE_STRIP = NO;
				DEBUG_INFORMATION_FORMAT = dwarf;
				ENABLE_STRICT_OBJC_MSGSEND = YES;
				ENABLE_TESTABILITY = YES;
				GCC_C_LANGUAGE_STANDARD = gnu99;
				GCC_DYNAMIC_NO_PIC = NO;
				GCC_NO_COMMON_BLOCKS = YES;
				GCC_OPTIMIZATION_LEVEL = 0;
				GCC_PREPROCESSOR_DEFINITIONS = (
					"DEBUG=1",
					"$(inherited)",
				);
				GCC_WARN_64_TO_32_BIT_CONVERSION = YES;
				GCC_WARN_ABOUT_RETURN_TYPE = YES_ERROR;
				GCC_WARN_UNDECLARED_SELECTOR = YES;
				GCC_WARN_UNINITIALIZED_AUTOS = YES_AGGRESSIVE;
				GCC_WARN_UNUSED_FUNCTION = YES;
				GCC_WARN_UNUSED_VARIABLE = YES;
				IPHONEOS_DEPLOYMENT_TARGET = 10.2;
				MTL_ENABLE_DEBUG_INFO = YES;
				ONLY_ACTIVE_ARCH = YES;
				SDKROOT = iphoneos;
				SWIFT_ACTIVE_COMPILATION_CONDITIONS = DEBUG;
				SWIFT_OPTIMIZATION_LEVEL = "-Onone";
			};
			name = Debug;
		};
		D54372831E970F290034D771 /* Release */ = {
			isa = XCBuildConfiguration;
			buildSettings = {
				ALWAYS_SEARCH_USER_PATHS = NO;
				CLANG_ANALYZER_NONNULL = YES;
				CLANG_CXX_LANGUAGE_STANDARD = "gnu++0x";
				CLANG_CXX_LIBRARY = "libc++";
				CLANG_ENABLE_MODULES = YES;
				CLANG_ENABLE_OBJC_ARC = YES;
				CLANG_WARN_BOOL_CONVERSION = YES;
				CLANG_WARN_CONSTANT_CONVERSION = YES;
				CLANG_WARN_DIRECT_OBJC_ISA_USAGE = YES_ERROR;
				CLANG_WARN_DOCUMENTATION_COMMENTS = YES;
				CLANG_WARN_EMPTY_BODY = YES;
				CLANG_WARN_ENUM_CONVERSION = YES;
				CLANG_WARN_INFINITE_RECURSION = YES;
				CLANG_WARN_INT_CONVERSION = YES;
				CLANG_WARN_OBJC_ROOT_CLASS = YES_ERROR;
				CLANG_WARN_SUSPICIOUS_MOVE = YES;
				CLANG_WARN_UNREACHABLE_CODE = YES;
				CLANG_WARN__DUPLICATE_METHOD_MATCH = YES;
				"CODE_SIGN_IDENTITY[sdk=iphoneos*]" = "iPhone Developer";
				COPY_PHASE_STRIP = NO;
				DEBUG_INFORMATION_FORMAT = "dwarf-with-dsym";
				ENABLE_NS_ASSERTIONS = NO;
				ENABLE_STRICT_OBJC_MSGSEND = YES;
				GCC_C_LANGUAGE_STANDARD = gnu99;
				GCC_NO_COMMON_BLOCKS = YES;
				GCC_WARN_64_TO_32_BIT_CONVERSION = YES;
				GCC_WARN_ABOUT_RETURN_TYPE = YES_ERROR;
				GCC_WARN_UNDECLARED_SELECTOR = YES;
				GCC_WARN_UNINITIALIZED_AUTOS = YES_AGGRESSIVE;
				GCC_WARN_UNUSED_FUNCTION = YES;
				GCC_WARN_UNUSED_VARIABLE = YES;
				IPHONEOS_DEPLOYMENT_TARGET = 10.2;
				MTL_ENABLE_DEBUG_INFO = NO;
				SDKROOT = iphoneos;
				SWIFT_OPTIMIZATION_LEVEL = "-Owholemodule";
				VALIDATE_PRODUCT = YES;
			};
			name = Release;
		};
		D54372851E970F290034D771 /* Debug */ = {
			isa = XCBuildConfiguration;
			baseConfigurationReference = A55E7FB92D889DD0258126D9 /* Pods-HundredDays.debug.xcconfig */;
			buildSettings = {
				ASSETCATALOG_COMPILER_APPICON_NAME = AppIcon;
				DEVELOPMENT_TEAM = VJ9FQ76YK4;
				INFOPLIST_FILE = HundredDays/Info.plist;
				LD_RUNPATH_SEARCH_PATHS = "$(inherited) @executable_path/Frameworks";
				PRODUCT_BUNDLE_IDENTIFIER = nadin.HundredDays;
				PRODUCT_NAME = "$(TARGET_NAME)";
				SWIFT_VERSION = 3.0;
			};
			name = Debug;
		};
		D54372861E970F290034D771 /* Release */ = {
			isa = XCBuildConfiguration;
			baseConfigurationReference = 6320C842D172AD5479D84EFC /* Pods-HundredDays.release.xcconfig */;
			buildSettings = {
				ASSETCATALOG_COMPILER_APPICON_NAME = AppIcon;
				DEVELOPMENT_TEAM = VJ9FQ76YK4;
				INFOPLIST_FILE = HundredDays/Info.plist;
				LD_RUNPATH_SEARCH_PATHS = "$(inherited) @executable_path/Frameworks";
				PRODUCT_BUNDLE_IDENTIFIER = nadin.HundredDays;
				PRODUCT_NAME = "$(TARGET_NAME)";
				SWIFT_VERSION = 3.0;
			};
			name = Release;
		};
/* End XCBuildConfiguration section */

/* Begin XCConfigurationList section */
		D543726D1E970F290034D771 /* Build configuration list for PBXProject "HundredDays" */ = {
			isa = XCConfigurationList;
			buildConfigurations = (
				D54372821E970F290034D771 /* Debug */,
				D54372831E970F290034D771 /* Release */,
			);
			defaultConfigurationIsVisible = 0;
			defaultConfigurationName = Release;
		};
		D54372841E970F290034D771 /* Build configuration list for PBXNativeTarget "HundredDays" */ = {
			isa = XCConfigurationList;
			buildConfigurations = (
				D54372851E970F290034D771 /* Debug */,
				D54372861E970F290034D771 /* Release */,
			);
			defaultConfigurationIsVisible = 0;
			defaultConfigurationName = Release;
		};
/* End XCConfigurationList section */
	};
	rootObject = D543726A1E970F290034D771 /* Project object */;
}
